// !$*UTF8*$!
{
	archiveVersion = 1;
	classes = {
	};
	objectVersion = 46;
	objects = {

/* Begin PBXBuildFile section */
		6D66C0DC1E26312F00EE843E /* main.m in Sources */ = {isa = PBXBuildFile; fileRef = 6D66C0DB1E26312F00EE843E /* main.m */; };
		6D66C0DF1E26312F00EE843E /* AppDelegate.m in Sources */ = {isa = PBXBuildFile; fileRef = 6D66C0DE1E26312F00EE843E /* AppDelegate.m */; };
		6D66C0E21E26312F00EE843E /* ViewController.m in Sources */ = {isa = PBXBuildFile; fileRef = 6D66C0E11E26312F00EE843E /* ViewController.m */; };
		6D66C0E51E26312F00EE843E /* Main.storyboard in Resources */ = {isa = PBXBuildFile; fileRef = 6D66C0E31E26312F00EE843E /* Main.storyboard */; };
		6D66C0E71E26312F00EE843E /* Assets.xcassets in Resources */ = {isa = PBXBuildFile; fileRef = 6D66C0E61E26312F00EE843E /* Assets.xcassets */; };
		6D66C0EA1E26312F00EE843E /* LaunchScreen.storyboard in Resources */ = {isa = PBXBuildFile; fileRef = 6D66C0E81E26312F00EE843E /* LaunchScreen.storyboard */; };
		6D66C0F31E26315600EE843E /* CFMenuPageController.m in Sources */ = {isa = PBXBuildFile; fileRef = 6D66C0F21E26315600EE843E /* CFMenuPageController.m */; };
/* End PBXBuildFile section */

/* Begin PBXFileReference section */
		6D66C0D71E26312F00EE843E /* CFMenuPageController.app */ = {isa = PBXFileReference; explicitFileType = wrapper.application; includeInIndex = 0; path = CFMenuPageController.app; sourceTree = BUILT_PRODUCTS_DIR; };
		6D66C0DB1E26312F00EE843E /* main.m */ = {isa = PBXFileReference; lastKnownFileType = sourcecode.c.objc; path = main.m; sourceTree = "<group>"; };
		6D66C0DD1E26312F00EE843E /* AppDelegate.h */ = {isa = PBXFileReference; lastKnownFileType = sourcecode.c.h; path = AppDelegate.h; sourceTree = "<group>"; };
		6D66C0DE1E26312F00EE843E /* AppDelegate.m */ = {isa = PBXFileReference; lastKnownFileType = sourcecode.c.objc; path = AppDelegate.m; sourceTree = "<group>"; };
		6D66C0E01E26312F00EE843E /* ViewController.h */ = {isa = PBXFileReference; lastKnownFileType = sourcecode.c.h; path = ViewController.h; sourceTree = "<group>"; };
		6D66C0E11E26312F00EE843E /* ViewController.m */ = {isa = PBXFileReference; lastKnownFileType = sourcecode.c.objc; path = ViewController.m; sourceTree = "<group>"; };
		6D66C0E41E26312F00EE843E /* Base */ = {isa = PBXFileReference; lastKnownFileType = file.storyboard; name = Base; path = Base.lproj/Main.storyboard; sourceTree = "<group>"; };
		6D66C0E61E26312F00EE843E /* Assets.xcassets */ = {isa = PBXFileReference; lastKnownFileType = folder.assetcatalog; path = Assets.xcassets; sourceTree = "<group>"; };
		6D66C0E91E26312F00EE843E /* Base */ = {isa = PBXFileReference; lastKnownFileType = file.storyboard; name = Base; path = Base.lproj/LaunchScreen.storyboard; sourceTree = "<group>"; };
		6D66C0EB1E26312F00EE843E /* Info.plist */ = {isa = PBXFileReference; lastKnownFileType = text.plist.xml; path = Info.plist; sourceTree = "<group>"; };
		6D66C0F11E26315600EE843E /* CFMenuPageController.h */ = {isa = PBXFileReference; fileEncoding = 4; lastKnownFileType = sourcecode.c.h; path = CFMenuPageController.h; sourceTree = "<group>"; };
		6D66C0F21E26315600EE843E /* CFMenuPageController.m */ = {isa = PBXFileReference; fileEncoding = 4; lastKnownFileType = sourcecode.c.objc; path = CFMenuPageController.m; sourceTree = "<group>"; };
/* End PBXFileReference section */

/* Begin PBXFrameworksBuildPhase section */
		6D66C0D41E26312F00EE843E /* Frameworks */ = {
			isa = PBXFrameworksBuildPhase;
			buildActionMask = 2147483647;
			files = (
			);
			runOnlyForDeploymentPostprocessing = 0;
		};
/* End PBXFrameworksBuildPhase section */

/* Begin PBXGroup section */
		6D66C0CE1E26312F00EE843E = {
			isa = PBXGroup;
			children = (
				6D66C0D91E26312F00EE843E /* CFMenuPageController */,
				6D66C0D81E26312F00EE843E /* Products */,
			);
			sourceTree = "<group>";
		};
		6D66C0D81E26312F00EE843E /* Products */ = {
			isa = PBXGroup;
			children = (
				6D66C0D71E26312F00EE843E /* CFMenuPageController.app */,
			);
			name = Products;
			sourceTree = "<group>";
		};
		6D66C0D91E26312F00EE843E /* CFMenuPageController */ = {
			isa = PBXGroup;
			children = (
				6D66C0DD1E26312F00EE843E /* AppDelegate.h */,
				6D66C0DE1E26312F00EE843E /* AppDelegate.m */,
				6D66C0E01E26312F00EE843E /* ViewController.h */,
				6D66C0E11E26312F00EE843E /* ViewController.m */,
				6D66C0F11E26315600EE843E /* CFMenuPageController.h */,
				6D66C0F21E26315600EE843E /* CFMenuPageController.m */,
				6D66C0E31E26312F00EE843E /* Main.storyboard */,
				6D66C0E61E26312F00EE843E /* Assets.xcassets */,
				6D66C0E81E26312F00EE843E /* LaunchScreen.storyboard */,
				6D66C0EB1E26312F00EE843E /* Info.plist */,
				6D66C0DA1E26312F00EE843E /* Supporting Files */,
			);
			path = CFMenuPageController;
			sourceTree = "<group>";
		};
		6D66C0DA1E26312F00EE843E /* Supporting Files */ = {
			isa = PBXGroup;
			children = (
				6D66C0DB1E26312F00EE843E /* main.m */,
			);
			name = "Supporting Files";
			sourceTree = "<group>";
		};
/* End PBXGroup section */

/* Begin PBXNativeTarget section */
		6D66C0D61E26312F00EE843E /* CFMenuPageController */ = {
			isa = PBXNativeTarget;
			buildConfigurationList = 6D66C0EE1E26312F00EE843E /* Build configuration list for PBXNativeTarget "CFMenuPageController" */;
			buildPhases = (
				6D66C0D31E26312F00EE843E /* Sources */,
				6D66C0D41E26312F00EE843E /* Frameworks */,
				6D66C0D51E26312F00EE843E /* Resources */,
			);
			buildRules = (
			);
			dependencies = (
			);
			name = CFMenuPageController;
			productName = CFMenuPageController;
			productReference = 6D66C0D71E26312F00EE843E /* CFMenuPageController.app */;
			productType = "com.apple.product-type.application";
		};
/* End PBXNativeTarget section */

/* Begin PBXProject section */
		6D66C0CF1E26312F00EE843E /* Project object */ = {
			isa = PBXProject;
			attributes = {
				LastUpgradeCheck = 0730;
				ORGANIZATIONNAME = coful;
				TargetAttributes = {
					6D66C0D61E26312F00EE843E = {
						CreatedOnToolsVersion = 7.3.1;
					};
				};
			};
			buildConfigurationList = 6D66C0D21E26312F00EE843E /* Build configuration list for PBXProject "CFMenuPageController" */;
			compatibilityVersion = "Xcode 3.2";
			developmentRegion = English;
			hasScannedForEncodings = 0;
			knownRegions = (
				en,
				Base,
			);
			mainGroup = 6D66C0CE1E26312F00EE843E;
			productRefGroup = 6D66C0D81E26312F00EE843E /* Products */;
			projectDirPath = "";
			projectRoot = "";
			targets = (
				6D66C0D61E26312F00EE843E /* CFMenuPageController */,
			);
		};
/* End PBXProject section */

/* Begin PBXResourcesBuildPhase section */
		6D66C0D51E26312F00EE843E /* Resources */ = {
			isa = PBXResourcesBuildPhase;
			buildActionMask = 2147483647;
			files = (
				6D66C0EA1E26312F00EE843E /* LaunchScreen.storyboard in Resources */,
				6D66C0E71E26312F00EE843E /* Assets.xcassets in Resources */,
				6D66C0E51E26312F00EE843E /* Main.storyboard in Resources */,
			);
			runOnlyForDeploymentPostprocessing = 0;
		};
/* End PBXResourcesBuildPhase section */

/* Begin PBXSourcesBuildPhase section */
		6D66C0D31E26312F00EE843E /* Sources */ = {
			isa = PBXSourcesBuildPhase;
			buildActionMask = 2147483647;
			files = (
				6D66C0F31E26315600EE843E /* CFMenuPageController.m in Sources */,
				6D66C0E21E26312F00EE843E /* ViewController.m in Sources */,
				6D66C0DF1E26312F00EE843E /* AppDelegate.m in Sources */,
				6D66C0DC1E26312F00EE843E /* main.m in Sources */,
			);
			runOnlyForDeploymentPostprocessing = 0;
		};
/* End PBXSourcesBuildPhase section */

/* Begin PBXVariantGroup section */
		6D66C0E31E26312F00EE843E /* Main.storyboard */ = {
			isa = PBXVariantGroup;
			children = (
				6D66C0E41E26312F00EE843E /* Base */,
			);
			name = Main.storyboard;
			sourceTree = "<group>";
		};
		6D66C0E81E26312F00EE843E /* LaunchScreen.storyboard */ = {
			isa = PBXVariantGroup;
			children = (
				6D66C0E91E26312F00EE843E /* Base */,
			);
			name = LaunchScreen.storyboard;
			sourceTree = "<group>";
		};
/* End PBXVariantGroup section */

/* Begin XCBuildConfiguration section */
		6D66C0EC1E26312F00EE843E /* Debug */ = {
			isa = XCBuildConfiguration;
			buildSettings = {
				ALWAYS_SEARCH_USER_PATHS = NO;
				CLANG_ANALYZER_NONNULL = YES;
				CLANG_CXX_LANGUAGE_STANDARD = "gnu++0x";
				CLANG_CXX_LIBRARY = "libc++";
				CLANG_ENABLE_MODULES = YES;
				CLANG_ENABLE_OBJC_ARC = YES;
				CLANG_WARN_BOOL_CONVERSION = YES;
				CLANG_WARN_CONSTANT_CONVERSION = YES;
				CLANG_WARN_DIRECT_OBJC_ISA_USAGE = YES_ERROR;
				CLANG_WARN_EMPTY_BODY = YES;
				CLANG_WARN_ENUM_CONVERSION = YES;
				CLANG_WARN_INT_CONVERSION = YES;
				CLANG_WARN_OBJC_ROOT_CLASS = YES_ERROR;
				CLANG_WARN_UNREACHABLE_CODE = YES;
				CLANG_WARN__DUPLICATE_METHOD_MATCH = YES;
				"CODE_SIGN_IDENTITY[sdk=iphoneos*]" = "iPhone Developer";
				COPY_PHASE_STRIP = NO;
				DEBUG_INFORMATION_FORMAT = dwarf;
				ENABLE_STRICT_OBJC_MSGSEND = YES;
				ENABLE_TESTABILITY = YES;
				GCC_C_LANGUAGE_STANDARD = gnu99;
				GCC_DYNAMIC_NO_PIC = NO;
				GCC_NO_COMMON_BLOCKS = YES;
				GCC_OPTIMIZATION_LEVEL = 0;
				GCC_PREPROCESSOR_DEFINITIONS = (
					"DEBUG=1",
					"$(inherited)",
				);
				GCC_WARN_64_TO_32_BIT_CONVERSION = YES;
				GCC_WARN_ABOUT_RETURN_TYPE = YES_ERROR;
				GCC_WARN_UNDECLARED_SELECTOR = YES;
				GCC_WARN_UNINITIALIZED_AUTOS = YES_AGGRESSIVE;
				GCC_WARN_UNUSED_FUNCTION = YES;
				GCC_WARN_UNUSED_VARIABLE = YES;
				IPHONEOS_DEPLOYMENT_TARGET = 9.3;
				MTL_ENABLE_DEBUG_INFO = YES;
				ONLY_ACTIVE_ARCH = YES;
				SDKROOT = iphoneos;
			};
			name = Debug;
		};
		6D66C0ED1E26312F00EE843E /* Release */ = {
			isa = XCBuildConfiguration;
			buildSettings = {
				ALWAYS_SEARCH_USER_PATHS = NO;
				CLANG_ANALYZER_NONNULL = YES;
				CLANG_CXX_LANGUAGE_STANDARD = "gnu++0x";
				CLANG_CXX_LIBRARY = "libc++";
				CLANG_ENABLE_MODULES = YES;
				CLANG_ENABLE_OBJC_ARC = YES;
				CLANG_WARN_BOOL_CONVERSION = YES;
				CLANG_WARN_CONSTANT_CONVERSION = YES;
				CLANG_WARN_DIRECT_OBJC_ISA_USAGE = YES_ERROR;
				CLANG_WARN_EMPTY_BODY = YES;
				CLANG_WARN_ENUM_CONVERSION = YES;
				CLANG_WARN_INT_CONVERSION = YES;
				CLANG_WARN_OBJC_ROOT_CLASS = YES_ERROR;
				CLANG_WARN_UNREACHABLE_CODE = YES;
				CLANG_WARN__DUPLICATE_METHOD_MATCH = YES;
				"CODE_SIGN_IDENTITY[sdk=iphoneos*]" = "iPhone Developer";
				COPY_PHASE_STRIP = NO;
				DEBUG_INFORMATION_FORMAT = "dwarf-with-dsym";
				ENABLE_NS_ASSERTIONS = NO;
				ENABLE_STRICT_OBJC_MSGSEND = YES;
				GCC_C_LANGUAGE_STANDARD = gnu99;
				GCC_NO_COMMON_BLOCKS = YES;
				GCC_WARN_64_TO_32_BIT_CONVERSION = YES;
				GCC_WARN_ABOUT_RETURN_TYPE = YES_ERROR;
				GCC_WARN_UNDECLARED_SELECTOR = YES;
				GCC_WARN_UNINITIALIZED_AUTOS = YES_AGGRESSIVE;
				GCC_WARN_UNUSED_FUNCTION = YES;
				GCC_WARN_UNUSED_VARIABLE = YES;
				IPHONEOS_DEPLOYMENT_TARGET = 9.3;
				MTL_ENABLE_DEBUG_INFO = NO;
				SDKROOT = iphoneos;
				VALIDATE_PRODUCT = YES;
			};
			name = Release;
		};
		6D66C0EF1E26312F00EE843E /* Debug */ = {
			isa = XCBuildConfiguration;
			buildSettings = {
				ASSETCATALOG_COMPILER_APPICON_NAME = AppIcon;
				INFOPLIST_FILE = CFMenuPageController/Info.plist;
				IPHONEOS_DEPLOYMENT_TARGET = 8.1;
				LD_RUNPATH_SEARCH_PATHS = "$(inherited) @executable_path/Frameworks";
				PRODUCT_BUNDLE_IDENTIFIER = coful.CFMenuPageController;
				PRODUCT_NAME = "$(TARGET_NAME)";
			};
			name = Debug;
		};
		6D66C0F01E26312F00EE843E /* Release */ = {
			isa = XCBuildConfiguration;
			buildSettings = {
				ASSETCATALOG_COMPILER_APPICON_NAME = AppIcon;
				INFOPLIST_FILE = CFMenuPageController/Info.plist;
				IPHONEOS_DEPLOYMENT_TARGET = 8.1;
				LD_RUNPATH_SEARCH_PATHS = "$(inherited) @executable_path/Frameworks";
				PRODUCT_BUNDLE_IDENTIFIER = coful.CFMenuPageController;
				PRODUCT_NAME = "$(TARGET_NAME)";
			};
			name = Release;
		};
/* End XCBuildConfiguration section */

/* Begin XCConfigurationList section */
		6D66C0D21E26312F00EE843E /* Build configuration list for PBXProject "CFMenuPageController" */ = {
			isa = XCConfigurationList;
			buildConfigurations = (
				6D66C0EC1E26312F00EE843E /* Debug */,
				6D66C0ED1E26312F00EE843E /* Release */,
			);
			defaultConfigurationIsVisible = 0;
			defaultConfigurationName = Release;
		};
		6D66C0EE1E26312F00EE843E /* Build configuration list for PBXNativeTarget "CFMenuPageController" */ = {
			isa = XCConfigurationList;
			buildConfigurations = (
				6D66C0EF1E26312F00EE843E /* Debug */,
				6D66C0F01E26312F00EE843E /* Release */,
			);
			defaultConfigurationIsVisible = 0;
			defaultConfigurationName = Release;
		};
/* End XCConfigurationList section */
	};
	rootObject = 6D66C0CF1E26312F00EE843E /* Project object */;
}
